# This file is autogenerated, do not edit; changes may be undone by the next 'dep ensure'.


[[projects]]
  digest = "1:b16fbfbcc20645cb419f78325bb2e85ec729b338e996a228124d68931a6f2a37"
  name = "github.com/BurntSushi/toml"
  packages = ["."]
  pruneopts = "UT"
  revision = "b26d9c308763d68093482582cea63d69be07a0f0"
  version = "v0.3.0"

[[projects]]
  branch = "master"
  digest = "1:33217548884728c0ef67dea74a130c18af2b1b1c53c399dd42dc285eaf67f3a8"
  name = "github.com/Gurpartap/logrus-stack"
  packages = ["."]
  pruneopts = "UT"
  revision = "89c00d8a28f43c567d92eb81a2945301a6a9fbb9"

[[projects]]
  branch = "master"
  digest = "1:9a023ac8c30a6871d3fc94c9c0b5a0639ede096c351fd6cdcd7268fe9cb95af2"
  name = "github.com/facebookgo/stack"
  packages = ["."]
  pruneopts = "UT"
  revision = "751773369052141c013c6e827a71e8f35c07879c"

[[projects]]
  branch = "master"
  digest = "1:ad77408855d35ad5bbe75947b22bf8e7df920646bd16364177761cb14d892a15"
  name = "github.com/jlaffaye/ftp"
  packages = ["."]
  pruneopts = "UT"
  revision = "2403248fa8cc9f7909862627aa7337f13f8e0bf1"

[[projects]]
  digest = "1:ccfa094742ce1c97fd3f6481e1bf98f3d9862510eee2bc0eb56e2745396bd330"
  name = "github.com/julienschmidt/httprouter"
  packages = ["."]
  pruneopts = "UT"
  revision = "8c199fb6259ffc1af525cc3ad52ee60ba8359669"
  version = "v1.1"

[[projects]]
  branch = "master"
  digest = "1:a880aff67fee106ff57d000f4b1d3a80bc251f6a69f3039c622d5b7c59918e11"
  name = "github.com/marcobeierer/ftps"
  packages = ["."]
  pruneopts = "UT"
  revision = "60e520f5feed5eaa0951aeecfc772a35bbe9f83d"

[[projects]]
  branch = "master"
  digest = "1:57e13d10425e24333e3c6df6915fd5dd54aaa533a4a3e336208c2b4cb8405b6d"
  name = "github.com/pires/go-proxyproto"
  packages = ["."]
  pruneopts = "UT"
  revision = "2f38359974ffed92842a86ffcc17001b3f525e34"

[[projects]]
  digest = "1:9e9193aa51197513b3abcb108970d831fbcf40ef96aa845c4f03276e1fa316d2"
  name = "github.com/sirupsen/logrus"
  packages = ["."]
  pruneopts = "UT"
  revision = "c155da19408a8799da419ed3eeb0cb5db0ad5dbc"
  version = "v1.0.5"

[[projects]]
  branch = "master"
  digest = "1:3f3a05ae0b95893d90b9b3b5afdb79a9b3d96e4e36e099d841ae602e4aca0da8"
  name = "golang.org/x/crypto"
  packages = ["ssh/terminal"]
  pruneopts = "UT"
  revision = "a49355c7e3f8fe157a85be2f77e6e269a0f89602"

[[projects]]
  branch = "master"
  digest = "1:76ee51c3f468493aff39dbacc401e8831fbb765104cbf613b89bef01cf4bad70"
  name = "golang.org/x/net"
  packages = ["context"]
  pruneopts = "UT"
  revision = "d0887baf81f4598189d4e12a37c6da86f0bba4d0"

[[projects]]
  branch = "master"
  digest = "1:39ebcc2b11457b703ae9ee2e8cca0f68df21969c6102cb3b705f76cca0ea0239"
  name = "golang.org/x/sync"
  packages = ["errgroup"]
  pruneopts = "UT"
  revision = "1d60e4601c6fd243af51cc01ddf169918a5407ca"

[[projects]]
  branch = "master"
  digest = "1:50e49f00c462e4531c6987ab12ab81a9a9f76bc0c3235c6e9cf9b75c2b5ff638"
  name = "golang.org/x/sys"
  packages = [
    "unix",
    "windows",
  ]
  pruneopts = "UT"
  revision = "7138fd3d9dc8335c567ca206f4333fb75eb05d56"

[solve-meta]
  analyzer-name = "dep"
  analyzer-version = 1
  input-imports = [
    "github.com/BurntSushi/toml",
    "github.com/Gurpartap/logrus-stack",
    "github.com/jlaffaye/ftp",
    "github.com/julienschmidt/httprouter",
    "github.com/marcobeierer/ftps",
    "github.com/pires/go-proxyproto",
    "github.com/sirupsen/logrus",
    "golang.org/x/sync/errgroup",
  ]
  solver-name = "gps-cdcl"
  solver-version = 1
